// !$*UTF8*$!
{
	archiveVersion = 1;
	classes = {
	};
	objectVersion = 51;
	objects = {

/* Begin PBXBuildFile section */
		86A396CDD1D7EA9D716A3627 /* Pods_EasySwiftLayout_Example.framework in Frameworks */ = {isa = PBXBuildFile; fileRef = 939F34EA95118675E3B1FA2F /* Pods_EasySwiftLayout_Example.framework */; };
		B75188CE2470830100AD17C4 /* AppDelegate.swift in Sources */ = {isa = PBXBuildFile; fileRef = B75188CD2470830100AD17C4 /* AppDelegate.swift */; };
		B75188D02470830100AD17C4 /* SceneDelegate.swift in Sources */ = {isa = PBXBuildFile; fileRef = B75188CF2470830100AD17C4 /* SceneDelegate.swift */; };
		B75188D22470830100AD17C4 /* HomeController.swift in Sources */ = {isa = PBXBuildFile; fileRef = B75188D12470830100AD17C4 /* HomeController.swift */; };
		B75188D72470830300AD17C4 /* Assets.xcassets in Resources */ = {isa = PBXBuildFile; fileRef = B75188D62470830300AD17C4 /* Assets.xcassets */; };
		B75188DA2470830300AD17C4 /* LaunchScreen.storyboard in Resources */ = {isa = PBXBuildFile; fileRef = B75188D82470830300AD17C4 /* LaunchScreen.storyboard */; };
		B75FFC4524717FEF00C32794 /* UIStackView+Utilities.swift in Sources */ = {isa = PBXBuildFile; fileRef = B75FFC4424717FEF00C32794 /* UIStackView+Utilities.swift */; };
		B75FFC47247186A300C32794 /* RoundedView.swift in Sources */ = {isa = PBXBuildFile; fileRef = B75FFC46247186A300C32794 /* RoundedView.swift */; };
		B75FFC4924718AD300C32794 /* UIView+Utilities.swift in Sources */ = {isa = PBXBuildFile; fileRef = B75FFC4824718AD300C32794 /* UIView+Utilities.swift */; };
		B7CEA122247086850096363B /* Utilities.swift in Sources */ = {isa = PBXBuildFile; fileRef = B7CEA121247086850096363B /* Utilities.swift */; };
/* End PBXBuildFile section */

/* Begin PBXFileReference section */
		4CD1A531337AA06022D18968 /* Pods-EasySwiftLayout-Example.debug.xcconfig */ = {isa = PBXFileReference; includeInIndex = 1; lastKnownFileType = text.xcconfig; name = "Pods-EasySwiftLayout-Example.debug.xcconfig"; path = "Target Support Files/Pods-EasySwiftLayout-Example/Pods-EasySwiftLayout-Example.debug.xcconfig"; sourceTree = "<group>"; };
		939F34EA95118675E3B1FA2F /* Pods_EasySwiftLayout_Example.framework */ = {isa = PBXFileReference; explicitFileType = wrapper.framework; includeInIndex = 0; path = Pods_EasySwiftLayout_Example.framework; sourceTree = BUILT_PRODUCTS_DIR; };
		B75188CA2470830100AD17C4 /* EasySwiftLayout-Example.app */ = {isa = PBXFileReference; explicitFileType = wrapper.application; includeInIndex = 0; path = "EasySwiftLayout-Example.app"; sourceTree = BUILT_PRODUCTS_DIR; };
		B75188CD2470830100AD17C4 /* AppDelegate.swift */ = {isa = PBXFileReference; lastKnownFileType = sourcecode.swift; path = AppDelegate.swift; sourceTree = "<group>"; };
		B75188CF2470830100AD17C4 /* SceneDelegate.swift */ = {isa = PBXFileReference; lastKnownFileType = sourcecode.swift; path = SceneDelegate.swift; sourceTree = "<group>"; };
		B75188D12470830100AD17C4 /* HomeController.swift */ = {isa = PBXFileReference; lastKnownFileType = sourcecode.swift; path = HomeController.swift; sourceTree = "<group>"; };
		B75188D62470830300AD17C4 /* Assets.xcassets */ = {isa = PBXFileReference; lastKnownFileType = folder.assetcatalog; path = Assets.xcassets; sourceTree = "<group>"; };
		B75188D92470830300AD17C4 /* Base */ = {isa = PBXFileReference; lastKnownFileType = file.storyboard; name = Base; path = Base.lproj/LaunchScreen.storyboard; sourceTree = "<group>"; };
		B75188DB2470830300AD17C4 /* Info.plist */ = {isa = PBXFileReference; lastKnownFileType = text.plist.xml; path = Info.plist; sourceTree = "<group>"; };
		B75FFC4424717FEF00C32794 /* UIStackView+Utilities.swift */ = {isa = PBXFileReference; lastKnownFileType = sourcecode.swift; path = "UIStackView+Utilities.swift"; sourceTree = "<group>"; };
		B75FFC46247186A300C32794 /* RoundedView.swift */ = {isa = PBXFileReference; lastKnownFileType = sourcecode.swift; path = RoundedView.swift; sourceTree = "<group>"; };
		B75FFC4824718AD300C32794 /* UIView+Utilities.swift */ = {isa = PBXFileReference; lastKnownFileType = sourcecode.swift; path = "UIView+Utilities.swift"; sourceTree = "<group>"; };
		B7CEA121247086850096363B /* Utilities.swift */ = {isa = PBXFileReference; lastKnownFileType = sourcecode.swift; path = Utilities.swift; sourceTree = "<group>"; };
		DE9E2ACD11999A2B1C84AEF4 /* Pods-EasySwiftLayout-Example.release.xcconfig */ = {isa = PBXFileReference; includeInIndex = 1; lastKnownFileType = text.xcconfig; name = "Pods-EasySwiftLayout-Example.release.xcconfig"; path = "Target Support Files/Pods-EasySwiftLayout-Example/Pods-EasySwiftLayout-Example.release.xcconfig"; sourceTree = "<group>"; };
/* End PBXFileReference section */

/* Begin PBXFrameworksBuildPhase section */
		B75188C72470830100AD17C4 /* Frameworks */ = {
			isa = PBXFrameworksBuildPhase;
			buildActionMask = 2147483647;
			files = (
				86A396CDD1D7EA9D716A3627 /* Pods_EasySwiftLayout_Example.framework in Frameworks */,
			);
			runOnlyForDeploymentPostprocessing = 0;
		};
/* End PBXFrameworksBuildPhase section */

/* Begin PBXGroup section */
		2F61EEFDD103E9190082DE87 /* Frameworks */ = {
			isa = PBXGroup;
			children = (
				939F34EA95118675E3B1FA2F /* Pods_EasySwiftLayout_Example.framework */,
			);
			name = Frameworks;
			sourceTree = "<group>";
		};
		7E59945C86C9637C363B0FFF /* Pods */ = {
			isa = PBXGroup;
			children = (
				4CD1A531337AA06022D18968 /* Pods-EasySwiftLayout-Example.debug.xcconfig */,
				DE9E2ACD11999A2B1C84AEF4 /* Pods-EasySwiftLayout-Example.release.xcconfig */,
			);
			path = Pods;
			sourceTree = "<group>";
		};
		B748FAC5247087A600E03CC6 /* Extensions */ = {
			isa = PBXGroup;
			children = (
				B75FFC4424717FEF00C32794 /* UIStackView+Utilities.swift */,
				B75FFC4824718AD300C32794 /* UIView+Utilities.swift */,
			);
			path = Extensions;
			sourceTree = "<group>";
		};
		B748FAC8247088D700E03CC6 /* Common */ = {
			isa = PBXGroup;
			children = (
				B7CEA121247086850096363B /* Utilities.swift */,
				B75FFC46247186A300C32794 /* RoundedView.swift */,
			);
			path = Common;
			sourceTree = "<group>";
		};
		B75188C12470830100AD17C4 = {
			isa = PBXGroup;
			children = (
				B75188E12470845C00AD17C4 /* Resources */,
				B75188CC2470830100AD17C4 /* Sources */,
				B75188CB2470830100AD17C4 /* Products */,
				7E59945C86C9637C363B0FFF /* Pods */,
				2F61EEFDD103E9190082DE87 /* Frameworks */,
			);
			sourceTree = "<group>";
		};
		B75188CB2470830100AD17C4 /* Products */ = {
			isa = PBXGroup;
			children = (
				B75188CA2470830100AD17C4 /* EasySwiftLayout-Example.app */,
			);
			name = Products;
			sourceTree = "<group>";
		};
		B75188CC2470830100AD17C4 /* Sources */ = {
			isa = PBXGroup;
			children = (
				B75188E32470849A00AD17C4 /* App */,
				B748FAC8247088D700E03CC6 /* Common */,
				B748FAC5247087A600E03CC6 /* Extensions */,
				B75188E22470847B00AD17C4 /* Support files */,
				B75188D12470830100AD17C4 /* HomeController.swift */,
			);
			path = Sources;
			sourceTree = "<group>";
		};
		B75188E12470845C00AD17C4 /* Resources */ = {
			isa = PBXGroup;
			children = (
				B75188D62470830300AD17C4 /* Assets.xcassets */,
			);
			path = Resources;
			sourceTree = "<group>";
		};
		B75188E22470847B00AD17C4 /* Support files */ = {
			isa = PBXGroup;
			children = (
				B75188D82470830300AD17C4 /* LaunchScreen.storyboard */,
				B75188DB2470830300AD17C4 /* Info.plist */,
			);
			path = "Support files";
			sourceTree = "<group>";
		};
		B75188E32470849A00AD17C4 /* App */ = {
			isa = PBXGroup;
			children = (
				B75188CD2470830100AD17C4 /* AppDelegate.swift */,
				B75188CF2470830100AD17C4 /* SceneDelegate.swift */,
			);
			path = App;
			sourceTree = "<group>";
		};
/* End PBXGroup section */

/* Begin PBXNativeTarget section */
		B75188C92470830100AD17C4 /* EasySwiftLayout-Example */ = {
			isa = PBXNativeTarget;
			buildConfigurationList = B75188DE2470830300AD17C4 /* Build configuration list for PBXNativeTarget "EasySwiftLayout-Example" */;
			buildPhases = (
				6EC548E3D76C3047FAEA4B8F /* [CP] Check Pods Manifest.lock */,
				B75188C62470830100AD17C4 /* Sources */,
				B75188C72470830100AD17C4 /* Frameworks */,
				B75188C82470830100AD17C4 /* Resources */,
				A1620891B22DDB321CCDF4AC /* [CP] Embed Pods Frameworks */,
			);
			buildRules = (
			);
			dependencies = (
			);
			name = "EasySwiftLayout-Example";
			productName = "EasySwiftLayout-Example";
			productReference = B75188CA2470830100AD17C4 /* EasySwiftLayout-Example.app */;
			productType = "com.apple.product-type.application";
		};
/* End PBXNativeTarget section */

/* Begin PBXProject section */
		B75188C22470830100AD17C4 /* Project object */ = {
			isa = PBXProject;
			attributes = {
				LastSwiftUpdateCheck = 1140;
				LastUpgradeCheck = 1140;
				ORGANIZATIONNAME = "Denis Andreychuk";
				TargetAttributes = {
					B75188C92470830100AD17C4 = {
						CreatedOnToolsVersion = 11.4.1;
					};
				};
			};
			buildConfigurationList = B75188C52470830100AD17C4 /* Build configuration list for PBXProject "EasySwiftLayout-Example" */;
			compatibilityVersion = "Xcode 9.3";
			developmentRegion = en;
			hasScannedForEncodings = 0;
			knownRegions = (
				en,
				Base,
			);
			mainGroup = B75188C12470830100AD17C4;
			productRefGroup = B75188CB2470830100AD17C4 /* Products */;
			projectDirPath = "";
			projectRoot = "";
			targets = (
				B75188C92470830100AD17C4 /* EasySwiftLayout-Example */,
			);
		};
/* End PBXProject section */

/* Begin PBXResourcesBuildPhase section */
		B75188C82470830100AD17C4 /* Resources */ = {
			isa = PBXResourcesBuildPhase;
			buildActionMask = 2147483647;
			files = (
				B75188DA2470830300AD17C4 /* LaunchScreen.storyboard in Resources */,
				B75188D72470830300AD17C4 /* Assets.xcassets in Resources */,
			);
			runOnlyForDeploymentPostprocessing = 0;
		};
/* End PBXResourcesBuildPhase section */

/* Begin PBXShellScriptBuildPhase section */
		6EC548E3D76C3047FAEA4B8F /* [CP] Check Pods Manifest.lock */ = {
			isa = PBXShellScriptBuildPhase;
			buildActionMask = 2147483647;
			files = (
			);
			inputFileListPaths = (
			);
			inputPaths = (
				"${PODS_PODFILE_DIR_PATH}/Podfile.lock",
				"${PODS_ROOT}/Manifest.lock",
			);
			name = "[CP] Check Pods Manifest.lock";
			outputFileListPaths = (
			);
			outputPaths = (
				"$(DERIVED_FILE_DIR)/Pods-EasySwiftLayout-Example-checkManifestLockResult.txt",
			);
			runOnlyForDeploymentPostprocessing = 0;
			shellPath = /bin/sh;
			shellScript = "diff \"${PODS_PODFILE_DIR_PATH}/Podfile.lock\" \"${PODS_ROOT}/Manifest.lock\" > /dev/null\nif [ $? != 0 ] ; then\n    # print error to STDERR\n    echo \"error: The sandbox is not in sync with the Podfile.lock. Run 'pod install' or update your CocoaPods installation.\" >&2\n    exit 1\nfi\n# This output is used by Xcode 'outputs' to avoid re-running this script phase.\necho \"SUCCESS\" > \"${SCRIPT_OUTPUT_FILE_0}\"\n";
			showEnvVarsInLog = 0;
		};
		A1620891B22DDB321CCDF4AC /* [CP] Embed Pods Frameworks */ = {
			isa = PBXShellScriptBuildPhase;
			buildActionMask = 2147483647;
			files = (
			);
			inputFileListPaths = (
				"${PODS_ROOT}/Target Support Files/Pods-EasySwiftLayout-Example/Pods-EasySwiftLayout-Example-frameworks-${CONFIGURATION}-input-files.xcfilelist",
			);
			name = "[CP] Embed Pods Frameworks";
			outputFileListPaths = (
				"${PODS_ROOT}/Target Support Files/Pods-EasySwiftLayout-Example/Pods-EasySwiftLayout-Example-frameworks-${CONFIGURATION}-output-files.xcfilelist",
			);
			runOnlyForDeploymentPostprocessing = 0;
			shellPath = /bin/sh;
			shellScript = "\"${PODS_ROOT}/Target Support Files/Pods-EasySwiftLayout-Example/Pods-EasySwiftLayout-Example-frameworks.sh\"\n";
			showEnvVarsInLog = 0;
		};
/* End PBXShellScriptBuildPhase section */

/* Begin PBXSourcesBuildPhase section */
		B75188C62470830100AD17C4 /* Sources */ = {
			isa = PBXSourcesBuildPhase;
			buildActionMask = 2147483647;
			files = (
				B75FFC4924718AD300C32794 /* UIView+Utilities.swift in Sources */,
				B75FFC47247186A300C32794 /* RoundedView.swift in Sources */,
				B75188D22470830100AD17C4 /* HomeController.swift in Sources */,
				B75188CE2470830100AD17C4 /* AppDelegate.swift in Sources */,
				B7CEA122247086850096363B /* Utilities.swift in Sources */,
				B75188D02470830100AD17C4 /* SceneDelegate.swift in Sources */,
				B75FFC4524717FEF00C32794 /* UIStackView+Utilities.swift in Sources */,
			);
			runOnlyForDeploymentPostprocessing = 0;
		};
/* End PBXSourcesBuildPhase section */

/* Begin PBXVariantGroup section */
		B75188D82470830300AD17C4 /* LaunchScreen.storyboard */ = {
			isa = PBXVariantGroup;
			children = (
				B75188D92470830300AD17C4 /* Base */,
			);
			name = LaunchScreen.storyboard;
			sourceTree = "<group>";
		};
/* End PBXVariantGroup section */

/* Begin XCBuildConfiguration section */
		B75188DC2470830300AD17C4 /* Debug */ = {
			isa = XCBuildConfiguration;
			buildSettings = {
				ALWAYS_SEARCH_USER_PATHS = NO;
				CLANG_ANALYZER_NONNULL = YES;
				CLANG_ANALYZER_NUMBER_OBJECT_CONVERSION = YES_AGGRESSIVE;
				CLANG_CXX_LANGUAGE_STANDARD = "gnu++14";
				CLANG_CXX_LIBRARY = "libc++";
				CLANG_ENABLE_MODULES = YES;
				CLANG_ENABLE_OBJC_ARC = YES;
				CLANG_ENABLE_OBJC_WEAK = YES;
				CLANG_WARN_BLOCK_CAPTURE_AUTORELEASING = YES;
				CLANG_WARN_BOOL_CONVERSION = YES;
				CLANG_WARN_COMMA = YES;
				CLANG_WARN_CONSTANT_CONVERSION = YES;
				CLANG_WARN_DEPRECATED_OBJC_IMPLEMENTATIONS = YES;
				CLANG_WARN_DIRECT_OBJC_ISA_USAGE = YES_ERROR;
				CLANG_WARN_DOCUMENTATION_COMMENTS = YES;
				CLANG_WARN_EMPTY_BODY = YES;
				CLANG_WARN_ENUM_CONVERSION = YES;
				CLANG_WARN_INFINITE_RECURSION = YES;
				CLANG_WARN_INT_CONVERSION = YES;
				CLANG_WARN_NON_LITERAL_NULL_CONVERSION = YES;
				CLANG_WARN_OBJC_IMPLICIT_RETAIN_SELF = YES;
				CLANG_WARN_OBJC_LITERAL_CONVERSION = YES;
				CLANG_WARN_OBJC_ROOT_CLASS = YES_ERROR;
				CLANG_WARN_RANGE_LOOP_ANALYSIS = YES;
				CLANG_WARN_STRICT_PROTOTYPES = YES;
				CLANG_WARN_SUSPICIOUS_MOVE = YES;
				CLANG_WARN_UNGUARDED_AVAILABILITY = YES_AGGRESSIVE;
				CLANG_WARN_UNREACHABLE_CODE = YES;
				CLANG_WARN__DUPLICATE_METHOD_MATCH = YES;
				COPY_PHASE_STRIP = NO;
				DEBUG_INFORMATION_FORMAT = dwarf;
				ENABLE_STRICT_OBJC_MSGSEND = YES;
				ENABLE_TESTABILITY = YES;
				GCC_C_LANGUAGE_STANDARD = gnu11;
				GCC_DYNAMIC_NO_PIC = NO;
				GCC_NO_COMMON_BLOCKS = YES;
				GCC_OPTIMIZATION_LEVEL = 0;
				GCC_PREPROCESSOR_DEFINITIONS = (
					"DEBUG=1",
					"$(inherited)",
				);
				GCC_WARN_64_TO_32_BIT_CONVERSION = YES;
				GCC_WARN_ABOUT_RETURN_TYPE = YES_ERROR;
				GCC_WARN_UNDECLARED_SELECTOR = YES;
				GCC_WARN_UNINITIALIZED_AUTOS = YES_AGGRESSIVE;
				GCC_WARN_UNUSED_FUNCTION = YES;
				GCC_WARN_UNUSED_VARIABLE = YES;
				IPHONEOS_DEPLOYMENT_TARGET = 13.4;
				MTL_ENABLE_DEBUG_INFO = INCLUDE_SOURCE;
				MTL_FAST_MATH = YES;
				ONLY_ACTIVE_ARCH = YES;
				SDKROOT = iphoneos;
				SWIFT_ACTIVE_COMPILATION_CONDITIONS = DEBUG;
				SWIFT_OPTIMIZATION_LEVEL = "-Onone";
			};
			name = Debug;
		};
		B75188DD2470830300AD17C4 /* Release */ = {
			isa = XCBuildConfiguration;
			buildSettings = {
				ALWAYS_SEARCH_USER_PATHS = NO;
				CLANG_ANALYZER_NONNULL = YES;
				CLANG_ANALYZER_NUMBER_OBJECT_CONVERSION = YES_AGGRESSIVE;
				CLANG_CXX_LANGUAGE_STANDARD = "gnu++14";
				CLANG_CXX_LIBRARY = "libc++";
				CLANG_ENABLE_MODULES = YES;
				CLANG_ENABLE_OBJC_ARC = YES;
				CLANG_ENABLE_OBJC_WEAK = YES;
				CLANG_WARN_BLOCK_CAPTURE_AUTORELEASING = YES;
				CLANG_WARN_BOOL_CONVERSION = YES;
				CLANG_WARN_COMMA = YES;
				CLANG_WARN_CONSTANT_CONVERSION = YES;
				CLANG_WARN_DEPRECATED_OBJC_IMPLEMENTATIONS = YES;
				CLANG_WARN_DIRECT_OBJC_ISA_USAGE = YES_ERROR;
				CLANG_WARN_DOCUMENTATION_COMMENTS = YES;
				CLANG_WARN_EMPTY_BODY = YES;
				CLANG_WARN_ENUM_CONVERSION = YES;
				CLANG_WARN_INFINITE_RECURSION = YES;
				CLANG_WARN_INT_CONVERSION = YES;
				CLANG_WARN_NON_LITERAL_NULL_CONVERSION = YES;
				CLANG_WARN_OBJC_IMPLICIT_RETAIN_SELF = YES;
				CLANG_WARN_OBJC_LITERAL_CONVERSION = YES;
				CLANG_WARN_OBJC_ROOT_CLASS = YES_ERROR;
				CLANG_WARN_RANGE_LOOP_ANALYSIS = YES;
				CLANG_WARN_STRICT_PROTOTYPES = YES;
				CLANG_WARN_SUSPICIOUS_MOVE = YES;
				CLANG_WARN_UNGUARDED_AVAILABILITY = YES_AGGRESSIVE;
				CLANG_WARN_UNREACHABLE_CODE = YES;
				CLANG_WARN__DUPLICATE_METHOD_MATCH = YES;
				COPY_PHASE_STRIP = NO;
				DEBUG_INFORMATION_FORMAT = "dwarf-with-dsym";
				ENABLE_NS_ASSERTIONS = NO;
				ENABLE_STRICT_OBJC_MSGSEND = YES;
				GCC_C_LANGUAGE_STANDARD = gnu11;
				GCC_NO_COMMON_BLOCKS = YES;
				GCC_WARN_64_TO_32_BIT_CONVERSION = YES;
				GCC_WARN_ABOUT_RETURN_TYPE = YES_ERROR;
				GCC_WARN_UNDECLARED_SELECTOR = YES;
				GCC_WARN_UNINITIALIZED_AUTOS = YES_AGGRESSIVE;
				GCC_WARN_UNUSED_FUNCTION = YES;
				GCC_WARN_UNUSED_VARIABLE = YES;
				IPHONEOS_DEPLOYMENT_TARGET = 13.4;
				MTL_ENABLE_DEBUG_INFO = NO;
				MTL_FAST_MATH = YES;
				SDKROOT = iphoneos;
				SWIFT_COMPILATION_MODE = wholemodule;
				SWIFT_OPTIMIZATION_LEVEL = "-O";
				VALIDATE_PRODUCT = YES;
			};
			name = Release;
		};
		B75188DF2470830300AD17C4 /* Debug */ = {
			isa = XCBuildConfiguration;
			baseConfigurationReference = 4CD1A531337AA06022D18968 /* Pods-EasySwiftLayout-Example.debug.xcconfig */;
			buildSettings = {
				ASSETCATALOG_COMPILER_APPICON_NAME = AppIcon;
				CODE_SIGN_STYLE = Automatic;
				DEVELOPMENT_TEAM = 45J2X2M728;
				INFOPLIST_FILE = "Sources/Support files/Info.plist";
				LD_RUNPATH_SEARCH_PATHS = (
					"$(inherited)",
					"@executable_path/Frameworks",
				);
				PRODUCT_BUNDLE_IDENTIFIER = "com.denandreychuk.EasySwiftLayout-Example";
				PRODUCT_NAME = "$(TARGET_NAME)";
				SWIFT_VERSION = 5.0;
				TARGETED_DEVICE_FAMILY = 1;
			};
			name = Debug;
		};
		B75188E02470830300AD17C4 /* Release */ = {
			isa = XCBuildConfiguration;
			baseConfigurationReference = DE9E2ACD11999A2B1C84AEF4 /* Pods-EasySwiftLayout-Example.release.xcconfig */;
			buildSettings = {
				ASSETCATALOG_COMPILER_APPICON_NAME = AppIcon;
				CODE_SIGN_STYLE = Automatic;
				DEVELOPMENT_TEAM = 45J2X2M728;
				INFOPLIST_FILE = "Sources/Support files/Info.plist";
				LD_RUNPATH_SEARCH_PATHS = (
					"$(inherited)",
					"@executable_path/Frameworks",
				);
				PRODUCT_BUNDLE_IDENTIFIER = "com.denandreychuk.EasySwiftLayout-Example";
				PRODUCT_NAME = "$(TARGET_NAME)";
				SWIFT_VERSION = 5.0;
				TARGETED_DEVICE_FAMILY = 1;
			};
			name = Release;
		};
/* End XCBuildConfiguration section */

/* Begin XCConfigurationList section */
		B75188C52470830100AD17C4 /* Build configuration list for PBXProject "EasySwiftLayout-Example" */ = {
			isa = XCConfigurationList;
			buildConfigurations = (
				B75188DC2470830300AD17C4 /* Debug */,
				B75188DD2470830300AD17C4 /* Release */,
			);
			defaultConfigurationIsVisible = 0;
			defaultConfigurationName = Release;
		};
		B75188DE2470830300AD17C4 /* Build configuration list for PBXNativeTarget "EasySwiftLayout-Example" */ = {
			isa = XCConfigurationList;
			buildConfigurations = (
				B75188DF2470830300AD17C4 /* Debug */,
				B75188E02470830300AD17C4 /* Release */,
			);
			defaultConfigurationIsVisible = 0;
			defaultConfigurationName = Release;
		};
/* End XCConfigurationList section */
	};
	rootObject = B75188C22470830100AD17C4 /* Project object */;
}
